
Microsoft Visual Studio Solution File, Format Version 12.00
# Visual Studio 15
VisualStudioVersion = 15.0.28307.705
MinimumVisualStudioVersion = 10.0.40219.1
Project("{159641D6-6404-4A2A-AE62-294DE0FE8301}") = "EdFiSQL01 Integration", "EdFiSQL01 Integration\EdFiSQL01 Integration.dtproj", "{B34488AD-5E29-4877-BE2C-F24B1AE7AFE8}"
EndProject
Global
	GlobalSection(SolutionConfigurationPlatforms) = preSolution
		Development|Default = Development|Default
	EndGlobalSection
	GlobalSection(ProjectConfigurationPlatforms) = postSolution
		{B34488AD-5E29-4877-BE2C-F24B1AE7AFE8}.Development|Default.ActiveCfg = Development
		{B34488AD-5E29-4877-BE2C-F24B1AE7AFE8}.Development|Default.Build.0 = Development
	EndGlobalSection
	GlobalSection(SolutionProperties) = preSolution
		HideSolutionNode = FALSE
	EndGlobalSection
	GlobalSection(ExtensibilityGlobals) = postSolution
		SolutionGuid = {13152E2D-E26C-4A63-9F0F-A1B87B85EF49}
	EndGlobalSection
EndGlobal
